
Microsoft Visual Studio Solution File, Format Version 12.00
# Visual Studio Version 17
VisualStudioVersion = 17.0.32112.339
MinimumVisualStudioVersion = 10.0.40219.1
Project("{FAE04EC0-301F-11D3-BF4B-00C04F79EFBC}") = "Perceptions", "Perceptions.csproj", "{793A22EC-E87E-4F10-BDE8-EC3199C6A711}"
EndProject
Global
	GlobalSection(SolutionConfigurationPlatforms) = preSolution
		Debug|Any CPU = Debug|Any CPU
		Release|Any CPU = Release|Any CPU
	EndGlobalSection
	GlobalSection(ProjectConfigurationPlatforms) = postSolution
		{793A22EC-E87E-4F10-BDE8-EC3199C6A711}.Debug|Any CPU.ActiveCfg = Debug|Any CPU
		{793A22EC-E87E-4F10-BDE8-EC3199C6A711}.Debug|Any CPU.Build.0 = Debug|Any CPU
		{793A22EC-E87E-4F10-BDE8-EC3199C6A711}.Release|Any CPU.ActiveCfg = Release|Any CPU
		{793A22EC-E87E-4F10-BDE8-EC3199C6A711}.Release|Any CPU.Build.0 = Release|Any CPU
	EndGlobalSection
	GlobalSection(SolutionProperties) = preSolution
		HideSolutionNode = FALSE
	EndGlobalSection
	GlobalSection(ExtensibilityGlobals) = postSolution
		SolutionGuid = {E172201D-3CD0-40E8-8CE8-4BA28CDD1873}
	EndGlobalSection
EndGlobal
